
Microsoft Visual Studio Solution File, Format Version 12.00
# Visual Studio 15
VisualStudioVersion = 15.0.27428.1
MinimumVisualStudioVersion = 10.0.40219.1
Project("{8BC9CEB8-8B4A-11D0-8D11-00A0C91BC942}") = "3F-letter", "3F-letter.vcxproj", "{EA1E73BA-AF77-42F2-9F62-4EE29E9D220B}"
EndProject
Global
	GlobalSection(SolutionConfigurationPlatforms) = preSolution
		Debug|x64 = Debug|x64
		Debug|x86 = Debug|x86
		Release|x64 = Release|x64
		Release|x86 = Release|x86
	EndGlobalSection
	GlobalSection(ProjectConfigurationPlatforms) = postSolution
		{EA1E73BA-AF77-42F2-9F62-4EE29E9D220B}.Debug|x64.ActiveCfg = Debug|x64
		{EA1E73BA-AF77-42F2-9F62-4EE29E9D220B}.Debug|x64.Build.0 = Debug|x64
		{EA1E73BA-AF77-42F2-9F62-4EE29E9D220B}.Debug|x86.ActiveCfg = Debug|Win32
		{EA1E73BA-AF77-42F2-9F62-4EE29E9D220B}.Debug|x86.Build.0 = Debug|Win32
		{EA1E73BA-AF77-42F2-9F62-4EE29E9D220B}.Release|x64.ActiveCfg = Release|x64
		{EA1E73BA-AF77-42F2-9F62-4EE29E9D220B}.Release|x64.Build.0 = Release|x64
		{EA1E73BA-AF77-42F2-9F62-4EE29E9D220B}.Release|x86.ActiveCfg = Release|Win32
		{EA1E73BA-AF77-42F2-9F62-4EE29E9D220B}.Release|x86.Build.0 = Release|Win32
	EndGlobalSection
	GlobalSection(SolutionProperties) = preSolution
		HideSolutionNode = FALSE
	EndGlobalSection
	GlobalSection(ExtensibilityGlobals) = postSolution
		SolutionGuid = {D0E65D34-15AE-4FC2-B129-DF1A782B796D}
	EndGlobalSection
EndGlobal
